
Microsoft Visual Studio Solution File, Format Version 12.00
# Visual Studio 15
VisualStudioVersion = 15.0.28307.136
MinimumVisualStudioVersion = 10.0.40219.1
Project("{00D1A9C2-B5F0-4AF3-8072-F6C62B433612}") = "SEI_db", "SEI_db\SEI_db.sqlproj", "{8F4C9D88-0EFD-4E9C-8AA6-440C103E635A}"
EndProject
Global
	GlobalSection(SolutionConfigurationPlatforms) = preSolution
		Debug|Any CPU = Debug|Any CPU
		Release|Any CPU = Release|Any CPU
	EndGlobalSection
	GlobalSection(ProjectConfigurationPlatforms) = postSolution
		{8F4C9D88-0EFD-4E9C-8AA6-440C103E635A}.Debug|Any CPU.ActiveCfg = Debug|Any CPU
		{8F4C9D88-0EFD-4E9C-8AA6-440C103E635A}.Debug|Any CPU.Build.0 = Debug|Any CPU
		{8F4C9D88-0EFD-4E9C-8AA6-440C103E635A}.Debug|Any CPU.Deploy.0 = Debug|Any CPU
		{8F4C9D88-0EFD-4E9C-8AA6-440C103E635A}.Release|Any CPU.ActiveCfg = Release|Any CPU
		{8F4C9D88-0EFD-4E9C-8AA6-440C103E635A}.Release|Any CPU.Build.0 = Release|Any CPU
		{8F4C9D88-0EFD-4E9C-8AA6-440C103E635A}.Release|Any CPU.Deploy.0 = Release|Any CPU
	EndGlobalSection
	GlobalSection(SolutionProperties) = preSolution
		HideSolutionNode = FALSE
	EndGlobalSection
	GlobalSection(ExtensibilityGlobals) = postSolution
		SolutionGuid = {5EF2F4CA-0FC7-42B1-8528-527B2736AFAA}
	EndGlobalSection
EndGlobal
